
Microsoft Visual Studio Solution File, Format Version 12.00
# Visual Studio Version 17
VisualStudioVersion = 17.0.31903.59
MinimumVisualStudioVersion = 10.0.40219.1
Project("{2150E333-8FDC-42A3-9474-1A3956D46DE8}") = "src", "src", "{827E0CD3-B72D-47B6-A68D-7590B98EB39B}"
EndProject
Project("{FAE04EC0-301F-11D3-BF4B-00C04F79EFBC}") = "Domain", "src\Domain\Domain.csproj", "{BE25CAAB-F625-43FD-BC02-BC0EB5D8970F}"
EndProject
Project("{FAE04EC0-301F-11D3-BF4B-00C04F79EFBC}") = "Application", "src\Application\Application.csproj", "{49BFA392-C3D0-4E64-88F6-DA821741C55B}"
EndProject
Project("{FAE04EC0-301F-11D3-BF4B-00C04F79EFBC}") = "Infrastructure", "src\Infrastructure\Infrastructure.csproj", "{C9B0C885-7110-4FA7-B0C7-C14F79BDDAAB}"
EndProject
Project("{FAE04EC0-301F-11D3-BF4B-00C04F79EFBC}") = "Web", "src\Web\Web.csproj", "{6CF7C3C4-06C5-4815-A085-206E85A14DFF}"
EndProject
Project("{2150E333-8FDC-42A3-9474-1A3956D46DE8}") = "tests", "tests", "{0AB3BF05-4346-4AA6-1389-037BE0695223}"
EndProject
Project("{FAE04EC0-301F-11D3-BF4B-00C04F79EFBC}") = "Domain.UnitTests", "tests\Domain.UnitTests\Domain.UnitTests.csproj", "{13789566-427C-4A0B-80E6-0A80244DB715}"
EndProject
Project("{FAE04EC0-301F-11D3-BF4B-00C04F79EFBC}") = "Application.UnitTests", "tests\Application.UnitTests\Application.UnitTests.csproj", "{714D1F36-9626-4106-A8F3-08F4D1C9724E}"
EndProject
Project("{FAE04EC0-301F-11D3-BF4B-00C04F79EFBC}") = "Infrastructure.UnitTests", "tests\Infrastructure.UnitTests\Infrastructure.UnitTests.csproj", "{065E8D3F-4299-4528-9632-2A3CE58252D8}"
EndProject
Project("{FAE04EC0-301F-11D3-BF4B-00C04F79EFBC}") = "Functional.Tests", "tests\Functional.Tests\Functional.Tests.csproj", "{E470519C-B6D4-4E45-B837-EF137EE93773}"
EndProject
Global
	GlobalSection(SolutionConfigurationPlatforms) = preSolution
		Debug|Any CPU = Debug|Any CPU
		Debug|x64 = Debug|x64
		Debug|x86 = Debug|x86
		Release|Any CPU = Release|Any CPU
		Release|x64 = Release|x64
		Release|x86 = Release|x86
	EndGlobalSection
	GlobalSection(ProjectConfigurationPlatforms) = postSolution
		{BE25CAAB-F625-43FD-BC02-BC0EB5D8970F}.Debug|Any CPU.ActiveCfg = Debug|Any CPU
		{BE25CAAB-F625-43FD-BC02-BC0EB5D8970F}.Debug|Any CPU.Build.0 = Debug|Any CPU
		{BE25CAAB-F625-43FD-BC02-BC0EB5D8970F}.Debug|x64.ActiveCfg = Debug|Any CPU
		{BE25CAAB-F625-43FD-BC02-BC0EB5D8970F}.Debug|x64.Build.0 = Debug|Any CPU
		{BE25CAAB-F625-43FD-BC02-BC0EB5D8970F}.Debug|x86.ActiveCfg = Debug|Any CPU
		{BE25CAAB-F625-43FD-BC02-BC0EB5D8970F}.Debug|x86.Build.0 = Debug|Any CPU
		{BE25CAAB-F625-43FD-BC02-BC0EB5D8970F}.Release|Any CPU.ActiveCfg = Release|Any CPU
		{BE25CAAB-F625-43FD-BC02-BC0EB5D8970F}.Release|Any CPU.Build.0 = Release|Any CPU
		{BE25CAAB-F625-43FD-BC02-BC0EB5D8970F}.Release|x64.ActiveCfg = Release|Any CPU
		{BE25CAAB-F625-43FD-BC02-BC0EB5D8970F}.Release|x64.Build.0 = Release|Any CPU
		{BE25CAAB-F625-43FD-BC02-BC0EB5D8970F}.Release|x86.ActiveCfg = Release|Any CPU
		{BE25CAAB-F625-43FD-BC02-BC0EB5D8970F}.Release|x86.Build.0 = Release|Any CPU
		{49BFA392-C3D0-4E64-88F6-DA821741C55B}.Debug|Any CPU.ActiveCfg = Debug|Any CPU
		{49BFA392-C3D0-4E64-88F6-DA821741C55B}.Debug|Any CPU.Build.0 = Debug|Any CPU
		{49BFA392-C3D0-4E64-88F6-DA821741C55B}.Debug|x64.ActiveCfg = Debug|Any CPU
		{49BFA392-C3D0-4E64-88F6-DA821741C55B}.Debug|x64.Build.0 = Debug|Any CPU
		{49BFA392-C3D0-4E64-88F6-DA821741C55B}.Debug|x86.ActiveCfg = Debug|Any CPU
		{49BFA392-C3D0-4E64-88F6-DA821741C55B}.Debug|x86.Build.0 = Debug|Any CPU
		{49BFA392-C3D0-4E64-88F6-DA821741C55B}.Release|Any CPU.ActiveCfg = Release|Any CPU
		{49BFA392-C3D0-4E64-88F6-DA821741C55B}.Release|Any CPU.Build.0 = Release|Any CPU
		{49BFA392-C3D0-4E64-88F6-DA821741C55B}.Release|x64.ActiveCfg = Release|Any CPU
		{49BFA392-C3D0-4E64-88F6-DA821741C55B}.Release|x64.Build.0 = Release|Any CPU
		{49BFA392-C3D0-4E64-88F6-DA821741C55B}.Release|x86.ActiveCfg = Release|Any CPU
		{49BFA392-C3D0-4E64-88F6-DA821741C55B}.Release|x86.Build.0 = Release|Any CPU
		{C9B0C885-7110-4FA7-B0C7-C14F79BDDAAB}.Debug|Any CPU.ActiveCfg = Debug|Any CPU
		{C9B0C885-7110-4FA7-B0C7-C14F79BDDAAB}.Debug|Any CPU.Build.0 = Debug|Any CPU
		{C9B0C885-7110-4FA7-B0C7-C14F79BDDAAB}.Debug|x64.ActiveCfg = Debug|Any CPU
		{C9B0C885-7110-4FA7-B0C7-C14F79BDDAAB}.Debug|x64.Build.0 = Debug|Any CPU
		{C9B0C885-7110-4FA7-B0C7-C14F79BDDAAB}.Debug|x86.ActiveCfg = Debug|Any CPU
		{C9B0C885-7110-4FA7-B0C7-C14F79BDDAAB}.Debug|x86.Build.0 = Debug|Any CPU
		{C9B0C885-7110-4FA7-B0C7-C14F79BDDAAB}.Release|Any CPU.ActiveCfg = Release|Any CPU
		{C9B0C885-7110-4FA7-B0C7-C14F79BDDAAB}.Release|Any CPU.Build.0 = Release|Any CPU
		{C9B0C885-7110-4FA7-B0C7-C14F79BDDAAB}.Release|x64.ActiveCfg = Release|Any CPU
		{C9B0C885-7110-4FA7-B0C7-C14F79BDDAAB}.Release|x64.Build.0 = Release|Any CPU
		{C9B0C885-7110-4FA7-B0C7-C14F79BDDAAB}.Release|x86.ActiveCfg = Release|Any CPU
		{C9B0C885-7110-4FA7-B0C7-C14F79BDDAAB}.Release|x86.Build.0 = Release|Any CPU
		{6CF7C3C4-06C5-4815-A085-206E85A14DFF}.Debug|Any CPU.ActiveCfg = Debug|Any CPU
		{6CF7C3C4-06C5-4815-A085-206E85A14DFF}.Debug|Any CPU.Build.0 = Debug|Any CPU
		{6CF7C3C4-06C5-4815-A085-206E85A14DFF}.Debug|x64.ActiveCfg = Debug|Any CPU
		{6CF7C3C4-06C5-4815-A085-206E85A14DFF}.Debug|x64.Build.0 = Debug|Any CPU
		{6CF7C3C4-06C5-4815-A085-206E85A14DFF}.Debug|x86.ActiveCfg = Debug|Any CPU
		{6CF7C3C4-06C5-4815-A085-206E85A14DFF}.Debug|x86.Build.0 = Debug|Any CPU
		{6CF7C3C4-06C5-4815-A085-206E85A14DFF}.Release|Any CPU.ActiveCfg = Release|Any CPU
		{6CF7C3C4-06C5-4815-A085-206E85A14DFF}.Release|Any CPU.Build.0 = Release|Any CPU
		{6CF7C3C4-06C5-4815-A085-206E85A14DFF}.Release|x64.ActiveCfg = Release|Any CPU
		{6CF7C3C4-06C5-4815-A085-206E85A14DFF}.Release|x64.Build.0 = Release|Any CPU
		{6CF7C3C4-06C5-4815-A085-206E85A14DFF}.Release|x86.ActiveCfg = Release|Any CPU
		{6CF7C3C4-06C5-4815-A085-206E85A14DFF}.Release|x86.Build.0 = Release|Any CPU
		{13789566-427C-4A0B-80E6-0A80244DB715}.Debug|Any CPU.ActiveCfg = Debug|Any CPU
		{13789566-427C-4A0B-80E6-0A80244DB715}.Debug|Any CPU.Build.0 = Debug|Any CPU
		{13789566-427C-4A0B-80E6-0A80244DB715}.Debug|x64.ActiveCfg = Debug|Any CPU
		{13789566-427C-4A0B-80E6-0A80244DB715}.Debug|x64.Build.0 = Debug|Any CPU
		{13789566-427C-4A0B-80E6-0A80244DB715}.Debug|x86.ActiveCfg = Debug|Any CPU
		{13789566-427C-4A0B-80E6-0A80244DB715}.Debug|x86.Build.0 = Debug|Any CPU
		{13789566-427C-4A0B-80E6-0A80244DB715}.Release|Any CPU.ActiveCfg = Release|Any CPU
		{13789566-427C-4A0B-80E6-0A80244DB715}.Release|Any CPU.Build.0 = Release|Any CPU
		{13789566-427C-4A0B-80E6-0A80244DB715}.Release|x64.ActiveCfg = Release|Any CPU
		{13789566-427C-4A0B-80E6-0A80244DB715}.Release|x64.Build.0 = Release|Any CPU
		{13789566-427C-4A0B-80E6-0A80244DB715}.Release|x86.ActiveCfg = Release|Any CPU
		{13789566-427C-4A0B-80E6-0A80244DB715}.Release|x86.Build.0 = Release|Any CPU
		{714D1F36-9626-4106-A8F3-08F4D1C9724E}.Debug|Any CPU.ActiveCfg = Debug|Any CPU
		{714D1F36-9626-4106-A8F3-08F4D1C9724E}.Debug|Any CPU.Build.0 = Debug|Any CPU
		{714D1F36-9626-4106-A8F3-08F4D1C9724E}.Debug|x64.ActiveCfg = Debug|Any CPU
		{714D1F36-9626-4106-A8F3-08F4D1C9724E}.Debug|x64.Build.0 = Debug|Any CPU
		{714D1F36-9626-4106-A8F3-08F4D1C9724E}.Debug|x86.ActiveCfg = Debug|Any CPU
		{714D1F36-9626-4106-A8F3-08F4D1C9724E}.Debug|x86.Build.0 = Debug|Any CPU
		{714D1F36-9626-4106-A8F3-08F4D1C9724E}.Release|Any CPU.ActiveCfg = Release|Any CPU
		{714D1F36-9626-4106-A8F3-08F4D1C9724E}.Release|Any CPU.Build.0 = Release|Any CPU
		{714D1F36-9626-4106-A8F3-08F4D1C9724E}.Release|x64.ActiveCfg = Release|Any CPU
		{714D1F36-9626-4106-A8F3-08F4D1C9724E}.Release|x64.Build.0 = Release|Any CPU
		{714D1F36-9626-4106-A8F3-08F4D1C9724E}.Release|x86.ActiveCfg = Release|Any CPU
		{714D1F36-9626-4106-A8F3-08F4D1C9724E}.Release|x86.Build.0 = Release|Any CPU
		{065E8D3F-4299-4528-9632-2A3CE58252D8}.Debug|Any CPU.ActiveCfg = Debug|Any CPU
		{065E8D3F-4299-4528-9632-2A3CE58252D8}.Debug|Any CPU.Build.0 = Debug|Any CPU
		{065E8D3F-4299-4528-9632-2A3CE58252D8}.Debug|x64.ActiveCfg = Debug|Any CPU
		{065E8D3F-4299-4528-9632-2A3CE58252D8}.Debug|x64.Build.0 = Debug|Any CPU
		{065E8D3F-4299-4528-9632-2A3CE58252D8}.Debug|x86.ActiveCfg = Debug|Any CPU
		{065E8D3F-4299-4528-9632-2A3CE58252D8}.Debug|x86.Build.0 = Debug|Any CPU
		{065E8D3F-4299-4528-9632-2A3CE58252D8}.Release|Any CPU.ActiveCfg = Release|Any CPU
		{065E8D3F-4299-4528-9632-2A3CE58252D8}.Release|Any CPU.Build.0 = Release|Any CPU
		{065E8D3F-4299-4528-9632-2A3CE58252D8}.Release|x64.ActiveCfg = Release|Any CPU
		{065E8D3F-4299-4528-9632-2A3CE58252D8}.Release|x64.Build.0 = Release|Any CPU
		{065E8D3F-4299-4528-9632-2A3CE58252D8}.Release|x86.ActiveCfg = Release|Any CPU
		{065E8D3F-4299-4528-9632-2A3CE58252D8}.Release|x86.Build.0 = Release|Any CPU
		{E470519C-B6D4-4E45-B837-EF137EE93773}.Debug|Any CPU.ActiveCfg = Debug|Any CPU
		{E470519C-B6D4-4E45-B837-EF137EE93773}.Debug|Any CPU.Build.0 = Debug|Any CPU
		{E470519C-B6D4-4E45-B837-EF137EE93773}.Debug|x64.ActiveCfg = Debug|Any CPU
		{E470519C-B6D4-4E45-B837-EF137EE93773}.Debug|x64.Build.0 = Debug|Any CPU
		{E470519C-B6D4-4E45-B837-EF137EE93773}.Debug|x86.ActiveCfg = Debug|Any CPU
		{E470519C-B6D4-4E45-B837-EF137EE93773}.Debug|x86.Build.0 = Debug|Any CPU
		{E470519C-B6D4-4E45-B837-EF137EE93773}.Release|Any CPU.ActiveCfg = Release|Any CPU
		{E470519C-B6D4-4E45-B837-EF137EE93773}.Release|Any CPU.Build.0 = Release|Any CPU
		{E470519C-B6D4-4E45-B837-EF137EE93773}.Release|x64.ActiveCfg = Release|Any CPU
		{E470519C-B6D4-4E45-B837-EF137EE93773}.Release|x64.Build.0 = Release|Any CPU
		{E470519C-B6D4-4E45-B837-EF137EE93773}.Release|x86.ActiveCfg = Release|Any CPU
		{E470519C-B6D4-4E45-B837-EF137EE93773}.Release|x86.Build.0 = Release|Any CPU
	EndGlobalSection
	GlobalSection(SolutionProperties) = preSolution
		HideSolutionNode = FALSE
	EndGlobalSection
	GlobalSection(NestedProjects) = preSolution
		{BE25CAAB-F625-43FD-BC02-BC0EB5D8970F} = {827E0CD3-B72D-47B6-A68D-7590B98EB39B}
		{49BFA392-C3D0-4E64-88F6-DA821741C55B} = {827E0CD3-B72D-47B6-A68D-7590B98EB39B}
		{C9B0C885-7110-4FA7-B0C7-C14F79BDDAAB} = {827E0CD3-B72D-47B6-A68D-7590B98EB39B}
		{6CF7C3C4-06C5-4815-A085-206E85A14DFF} = {827E0CD3-B72D-47B6-A68D-7590B98EB39B}
		{13789566-427C-4A0B-80E6-0A80244DB715} = {0AB3BF05-4346-4AA6-1389-037BE0695223}
		{714D1F36-9626-4106-A8F3-08F4D1C9724E} = {0AB3BF05-4346-4AA6-1389-037BE0695223}
		{065E8D3F-4299-4528-9632-2A3CE58252D8} = {0AB3BF05-4346-4AA6-1389-037BE0695223}
		{E470519C-B6D4-4E45-B837-EF137EE93773} = {0AB3BF05-4346-4AA6-1389-037BE0695223}
	EndGlobalSection
EndGlobal
